
Microsoft Visual Studio Solution File, Format Version 12.00
# Visual Studio Version 17
VisualStudioVersion = 17.1.32120.378
MinimumVisualStudioVersion = 10.0.40219.1
Project("{9A19103F-16F7-4668-BE54-9A1E7A4F7556}") = "Novikov.MongoRepository", "Novikov.MongoRepository\Novikov.MongoRepository.csproj", "{28415197-A2EF-43B7-BE4A-38E80BC0A4F0}"
EndProject
Project("{FAE04EC0-301F-11D3-BF4B-00C04F79EFBC}") = "Novikov.MongoRepository.Test", "Novikov.MongoRepository.Test\Novikov.MongoRepository.Test.csproj", "{AB202625-0AE6-47D8-BE6F-623FA240E9A9}"
EndProject
Global
	GlobalSection(SolutionConfigurationPlatforms) = preSolution
		Debug|Any CPU = Debug|Any CPU
		Release|Any CPU = Release|Any CPU
	EndGlobalSection
	GlobalSection(ProjectConfigurationPlatforms) = postSolution
		{28415197-A2EF-43B7-BE4A-38E80BC0A4F0}.Debug|Any CPU.ActiveCfg = Debug|Any CPU
		{28415197-A2EF-43B7-BE4A-38E80BC0A4F0}.Debug|Any CPU.Build.0 = Debug|Any CPU
		{28415197-A2EF-43B7-BE4A-38E80BC0A4F0}.Release|Any CPU.ActiveCfg = Release|Any CPU
		{28415197-A2EF-43B7-BE4A-38E80BC0A4F0}.Release|Any CPU.Build.0 = Release|Any CPU
		{AB202625-0AE6-47D8-BE6F-623FA240E9A9}.Debug|Any CPU.ActiveCfg = Debug|Any CPU
		{AB202625-0AE6-47D8-BE6F-623FA240E9A9}.Debug|Any CPU.Build.0 = Debug|Any CPU
		{AB202625-0AE6-47D8-BE6F-623FA240E9A9}.Release|Any CPU.ActiveCfg = Release|Any CPU
		{AB202625-0AE6-47D8-BE6F-623FA240E9A9}.Release|Any CPU.Build.0 = Release|Any CPU
	EndGlobalSection
	GlobalSection(SolutionProperties) = preSolution
		HideSolutionNode = FALSE
	EndGlobalSection
	GlobalSection(ExtensibilityGlobals) = postSolution
		SolutionGuid = {8BF31CCB-A9FA-4985-9B4D-353CC4277DEE}
	EndGlobalSection
EndGlobal
